PODS:
  - FBSnapshotTestCase (2.1.4):
    - FBSnapshotTestCase/SwiftSupport (= 2.1.4)
  - FBSnapshotTestCase/Core (2.1.4)
  - FBSnapshotTestCase/SwiftSupport (2.1.4):
    - FBSnapshotTestCase/Core
  - PNTest (0.1.0)

DEPENDENCIES:
  - FBSnapshotTestCase
  - PNTest (from `../`)

SPEC REPOS:
  trunk:
    - FBSnapshotTestCase

EXTERNAL SOURCES:
  PNTest:
    :path: "../"

SPEC CHECKSUMS:
  FBSnapshotTestCase: 094f9f314decbabe373b87cc339bea235a63e07a
  PNTest: 91f59fc42ec58b0e8f9288540f8f7f311f1cfaf0

PODFILE CHECKSUM: 1df01353f4186195241eb14ca8f70bdfef10b2c6

COCOAPODS: 1.11.3
